
Microsoft Visual Studio Solution File, Format Version 12.00
# Visual Studio Version 17
VisualStudioVersion = 17.0.31903.59
MinimumVisualStudioVersion = 10.0.40219.1
Project("{9A19103F-16F7-4668-BE54-9A1E7A4F7556}") = "project-backend-test", "Application\project-backend-test\project-backend-test.csproj", "{8643D7BA-0E04-4D35-A084-78FF406EB4D0}"
EndProject
Project("{9A19103F-16F7-4668-BE54-9A1E7A4F7556}") = "Data", "Data\Data.csproj", "{9BD73D59-1AE6-46C8-965F-DCB78CC4C18F}"
EndProject
Project("{9A19103F-16F7-4668-BE54-9A1E7A4F7556}") = "DomainApplication", "Domain\DomainApplication.csproj", "{3D3E3658-656F-4546-9E1A-19C8E89B367B}"
EndProject
Global
	GlobalSection(SolutionConfigurationPlatforms) = preSolution
		Debug|Any CPU = Debug|Any CPU
		Release|Any CPU = Release|Any CPU
	EndGlobalSection
	GlobalSection(ProjectConfigurationPlatforms) = postSolution
		{8643D7BA-0E04-4D35-A084-78FF406EB4D0}.Debug|Any CPU.ActiveCfg = Debug|Any CPU
		{8643D7BA-0E04-4D35-A084-78FF406EB4D0}.Debug|Any CPU.Build.0 = Debug|Any CPU
		{8643D7BA-0E04-4D35-A084-78FF406EB4D0}.Release|Any CPU.ActiveCfg = Release|Any CPU
		{8643D7BA-0E04-4D35-A084-78FF406EB4D0}.Release|Any CPU.Build.0 = Release|Any CPU
		{9BD73D59-1AE6-46C8-965F-DCB78CC4C18F}.Debug|Any CPU.ActiveCfg = Debug|Any CPU
		{9BD73D59-1AE6-46C8-965F-DCB78CC4C18F}.Debug|Any CPU.Build.0 = Debug|Any CPU
		{9BD73D59-1AE6-46C8-965F-DCB78CC4C18F}.Release|Any CPU.ActiveCfg = Release|Any CPU
		{9BD73D59-1AE6-46C8-965F-DCB78CC4C18F}.Release|Any CPU.Build.0 = Release|Any CPU
		{3D3E3658-656F-4546-9E1A-19C8E89B367B}.Debug|Any CPU.ActiveCfg = Debug|Any CPU
		{3D3E3658-656F-4546-9E1A-19C8E89B367B}.Debug|Any CPU.Build.0 = Debug|Any CPU
		{3D3E3658-656F-4546-9E1A-19C8E89B367B}.Release|Any CPU.ActiveCfg = Release|Any CPU
		{3D3E3658-656F-4546-9E1A-19C8E89B367B}.Release|Any CPU.Build.0 = Release|Any CPU
	EndGlobalSection
	GlobalSection(SolutionProperties) = preSolution
		HideSolutionNode = FALSE
	EndGlobalSection
	GlobalSection(ExtensibilityGlobals) = postSolution
		SolutionGuid = {46F695FC-C672-442F-AD01-7B81E05E3694}
	EndGlobalSection
EndGlobal
