
Microsoft Visual Studio Solution File, Format Version 12.00
# Visual Studio Version 17
VisualStudioVersion = 17.4.33213.308
MinimumVisualStudioVersion = 10.0.40219.1
Project("{FAE04EC0-301F-11D3-BF4B-00C04F79EFBC}") = "project-backend-test", "project-backend-test.csproj", "{A3DA0791-78C9-454E-8A6E-A4CF4DD8E68B}"
EndProject
Project("{FAE04EC0-301F-11D3-BF4B-00C04F79EFBC}") = "DomainApplication", "..\Domain\DomainApplication.csproj", "{C5AE9647-61C4-4838-969A-DC71D701919C}"
EndProject
Project("{2150E333-8FDC-42A3-9474-1A3956D46DE8}") = "Domain", "Domain", "{61D8CFC7-B1DE-4871-AA28-B4813D87DFD1}"
EndProject
Project("{2150E333-8FDC-42A3-9474-1A3956D46DE8}") = "Application", "Application", "{A4A2A75E-2813-4452-91FA-FA68167FCC63}"
EndProject
Project("{2150E333-8FDC-42A3-9474-1A3956D46DE8}") = "Infra", "Infra", "{C26E9621-6B3E-408B-B769-6D868637D3EF}"
EndProject
Project("{FAE04EC0-301F-11D3-BF4B-00C04F79EFBC}") = "Data", "..\Data\Data.csproj", "{EF37FBBB-1418-41B4-94DF-470E2C176651}"
EndProject
Global
	GlobalSection(SolutionConfigurationPlatforms) = preSolution
		Debug|Any CPU = Debug|Any CPU
		Release|Any CPU = Release|Any CPU
	EndGlobalSection
	GlobalSection(ProjectConfigurationPlatforms) = postSolution
		{A3DA0791-78C9-454E-8A6E-A4CF4DD8E68B}.Debug|Any CPU.ActiveCfg = Debug|Any CPU
		{A3DA0791-78C9-454E-8A6E-A4CF4DD8E68B}.Debug|Any CPU.Build.0 = Debug|Any CPU
		{A3DA0791-78C9-454E-8A6E-A4CF4DD8E68B}.Release|Any CPU.ActiveCfg = Release|Any CPU
		{A3DA0791-78C9-454E-8A6E-A4CF4DD8E68B}.Release|Any CPU.Build.0 = Release|Any CPU
		{C5AE9647-61C4-4838-969A-DC71D701919C}.Debug|Any CPU.ActiveCfg = Debug|Any CPU
		{C5AE9647-61C4-4838-969A-DC71D701919C}.Debug|Any CPU.Build.0 = Debug|Any CPU
		{C5AE9647-61C4-4838-969A-DC71D701919C}.Release|Any CPU.ActiveCfg = Release|Any CPU
		{C5AE9647-61C4-4838-969A-DC71D701919C}.Release|Any CPU.Build.0 = Release|Any CPU
		{EF37FBBB-1418-41B4-94DF-470E2C176651}.Debug|Any CPU.ActiveCfg = Debug|Any CPU
		{EF37FBBB-1418-41B4-94DF-470E2C176651}.Debug|Any CPU.Build.0 = Debug|Any CPU
		{EF37FBBB-1418-41B4-94DF-470E2C176651}.Release|Any CPU.ActiveCfg = Release|Any CPU
		{EF37FBBB-1418-41B4-94DF-470E2C176651}.Release|Any CPU.Build.0 = Release|Any CPU
	EndGlobalSection
	GlobalSection(SolutionProperties) = preSolution
		HideSolutionNode = FALSE
	EndGlobalSection
	GlobalSection(NestedProjects) = preSolution
		{A3DA0791-78C9-454E-8A6E-A4CF4DD8E68B} = {A4A2A75E-2813-4452-91FA-FA68167FCC63}
		{C5AE9647-61C4-4838-969A-DC71D701919C} = {61D8CFC7-B1DE-4871-AA28-B4813D87DFD1}
		{EF37FBBB-1418-41B4-94DF-470E2C176651} = {C26E9621-6B3E-408B-B769-6D868637D3EF}
	EndGlobalSection
	GlobalSection(ExtensibilityGlobals) = postSolution
		SolutionGuid = {922A5FA1-0B09-4C00-BB97-AEBFA26C0B05}
	EndGlobalSection
EndGlobal
